PODS:
  - Alamofire (2.0.0-beta.3)
  - EVReflection (2.6.0)

DEPENDENCIES:
  - Alamofire (from `https://github.com/Alamofire/Alamofire.git`, branch `swift-2.0`)
  - EVReflection (from `https://github.com/evermeer/EVReflection.git`, branch `Swift2`)

EXTERNAL SOURCES:
  Alamofire:
    :branch: swift-2.0
    :git: https://github.com/Alamofire/Alamofire.git
  EVReflection:
    :branch: Swift2
    :git: https://github.com/evermeer/EVReflection.git

CHECKOUT OPTIONS:
  Alamofire:
    :commit: 1bc35abfa7c167ba54af4e87158af7945cc9984e
    :git: https://github.com/Alamofire/Alamofire.git
  EVReflection:
    :commit: 435644cbfd049ea20ee5e64ca3b316e42fc48a93
    :git: https://github.com/evermeer/EVReflection.git

SPEC CHECKSUMS:
  Alamofire: 39dddb7d3725d1771b1d2f7099c8bd45bd83ffbb
  EVReflection: e8f562eaa015ae14a4a2af640d06b6e89c0a925c

COCOAPODS: 0.38.2
