PODS:
  - Alamofire (2.0.0-beta.2)
  - EVReflection (2.5.4)

DEPENDENCIES:
  - Alamofire (from `https://github.com/Alamofire/Alamofire.git`, branch `swift-2.0`)
  - EVReflection (from `https://github.com/evermeer/EVReflection.git`, branch `Swift2`)

EXTERNAL SOURCES:
  Alamofire:
    :branch: swift-2.0
    :git: https://github.com/Alamofire/Alamofire.git
  EVReflection:
    :branch: Swift2
    :git: https://github.com/evermeer/EVReflection.git

CHECKOUT OPTIONS:
  Alamofire:
    :commit: 2f94c11bb039bd7e3e43b925e20c8e536c9be757
    :git: https://github.com/Alamofire/Alamofire.git
  EVReflection:
    :commit: d59f36ba2439254711dd9a8a9207a4ba02d43191
    :git: https://github.com/evermeer/EVReflection.git

SPEC CHECKSUMS:
  Alamofire: 4dab60b015e8b4c9e09b0c9ff514fb15b96c0bd5
  EVReflection: c544dcee660d789bba62b1a22a416e177a58d2f6

COCOAPODS: 0.38.2
