PODS:
  - Alamofire (2.0.0-beta.1)
  - EVReflection (2.5.4)

DEPENDENCIES:
  - Alamofire (from `https://github.com/Alamofire/Alamofire.git`, branch `swift-2.0`)
  - EVReflection (from `https://github.com/evermeer/EVReflection.git`, branch `Swift2`)

EXTERNAL SOURCES:
  Alamofire:
    :branch: swift-2.0
    :git: https://github.com/Alamofire/Alamofire.git
  EVReflection:
    :branch: Swift2
    :git: https://github.com/evermeer/EVReflection.git

CHECKOUT OPTIONS:
  Alamofire:
    :commit: 97531ad0137a335653c83bb911bae33c67621f1e
    :git: https://github.com/Alamofire/Alamofire.git
  EVReflection:
    :commit: 3b7178c8fb495f586a526d1e80638daae5cc9aae
    :git: https://github.com/evermeer/EVReflection.git

SPEC CHECKSUMS:
  Alamofire: 96feccc1e48a735edb92395cf023ba4ed52bdb45
  EVReflection: c544dcee660d789bba62b1a22a416e177a58d2f6

COCOAPODS: 0.38.2
